
Microsoft Visual Studio Solution File, Format Version 12.00
# Visual Studio Version 16
VisualStudioVersion = 16.0.31515.178
MinimumVisualStudioVersion = 10.0.40219.1
Project("{9A19103F-16F7-4668-BE54-9A1E7A4F7556}") = "Senai_Rental_WebAPI", "Senai_Hental_WebAPI\Senai_Rental_WebAPI.csproj", "{277D0C4B-D66F-4B9F-B045-60D20BC440EC}"
EndProject
Global
	GlobalSection(SolutionConfigurationPlatforms) = preSolution
		Debug|Any CPU = Debug|Any CPU
		Release|Any CPU = Release|Any CPU
	EndGlobalSection
	GlobalSection(ProjectConfigurationPlatforms) = postSolution
		{277D0C4B-D66F-4B9F-B045-60D20BC440EC}.Debug|Any CPU.ActiveCfg = Debug|Any CPU
		{277D0C4B-D66F-4B9F-B045-60D20BC440EC}.Debug|Any CPU.Build.0 = Debug|Any CPU
		{277D0C4B-D66F-4B9F-B045-60D20BC440EC}.Release|Any CPU.ActiveCfg = Release|Any CPU
		{277D0C4B-D66F-4B9F-B045-60D20BC440EC}.Release|Any CPU.Build.0 = Release|Any CPU
	EndGlobalSection
	GlobalSection(SolutionProperties) = preSolution
		HideSolutionNode = FALSE
	EndGlobalSection
	GlobalSection(ExtensibilityGlobals) = postSolution
		SolutionGuid = {B358D638-3E96-4DB0-BE1E-76F2CEF9630B}
	EndGlobalSection
EndGlobal
